
Microsoft Visual Studio Solution File, Format Version 12.00
# Visual Studio 15
VisualStudioVersion = 15.0.27130.2027
MinimumVisualStudioVersion = 10.0.40219.1
Project("{9A19103F-16F7-4668-BE54-9A1E7A4F7556}") = "ConsoleApp2", "ConsoleApp2\ConsoleApp2.csproj", "{6D0FA152-2B63-4434-9C3B-BC1135D25DC4}"
EndProject
Project("{9A19103F-16F7-4668-BE54-9A1E7A4F7556}") = "MangaScraper.Core", "Core\MangaScraper.Core.csproj", "{24FC403D-66E9-485D-BB3A-FFD0099FBE60}"
EndProject
Project("{FAE04EC0-301F-11D3-BF4B-00C04F79EFBC}") = "MangaScraper.UI", "MangaScraper.UI\MangaScraper.UI.csproj", "{8B8FC132-9404-470F-847D-2701DB08C99B}"
EndProject
Project("{9A19103F-16F7-4668-BE54-9A1E7A4F7556}") = "MangaScraper.Application", "MangaScraper.Application\MangaScraper.Application.csproj", "{EDA75462-490E-4C0B-BBC4-EC6D59E128B0}"
EndProject
Project("{FAE04EC0-301F-11D3-BF4B-00C04F79EFBC}") = "WixSharpInstaller", "WixSharpInstaller\WixSharpInstaller.csproj", "{44555887-C439-470C-944D-8866EC3D7067}"
EndProject
Global
	GlobalSection(SolutionConfigurationPlatforms) = preSolution
		Debug|Any CPU = Debug|Any CPU
		Debug|ARM = Debug|ARM
		Debug|x64 = Debug|x64
		Debug|x86 = Debug|x86
		Release|Any CPU = Release|Any CPU
		Release|ARM = Release|ARM
		Release|x64 = Release|x64
		Release|x86 = Release|x86
	EndGlobalSection
	GlobalSection(ProjectConfigurationPlatforms) = postSolution
		{6D0FA152-2B63-4434-9C3B-BC1135D25DC4}.Debug|Any CPU.ActiveCfg = Debug|Any CPU
		{6D0FA152-2B63-4434-9C3B-BC1135D25DC4}.Debug|Any CPU.Build.0 = Debug|Any CPU
		{6D0FA152-2B63-4434-9C3B-BC1135D25DC4}.Debug|ARM.ActiveCfg = Debug|Any CPU
		{6D0FA152-2B63-4434-9C3B-BC1135D25DC4}.Debug|ARM.Build.0 = Debug|Any CPU
		{6D0FA152-2B63-4434-9C3B-BC1135D25DC4}.Debug|x64.ActiveCfg = Debug|Any CPU
		{6D0FA152-2B63-4434-9C3B-BC1135D25DC4}.Debug|x64.Build.0 = Debug|Any CPU
		{6D0FA152-2B63-4434-9C3B-BC1135D25DC4}.Debug|x86.ActiveCfg = Debug|Any CPU
		{6D0FA152-2B63-4434-9C3B-BC1135D25DC4}.Debug|x86.Build.0 = Debug|Any CPU
		{6D0FA152-2B63-4434-9C3B-BC1135D25DC4}.Release|Any CPU.ActiveCfg = Release|Any CPU
		{6D0FA152-2B63-4434-9C3B-BC1135D25DC4}.Release|Any CPU.Build.0 = Release|Any CPU
		{6D0FA152-2B63-4434-9C3B-BC1135D25DC4}.Release|ARM.ActiveCfg = Release|Any CPU
		{6D0FA152-2B63-4434-9C3B-BC1135D25DC4}.Release|ARM.Build.0 = Release|Any CPU
		{6D0FA152-2B63-4434-9C3B-BC1135D25DC4}.Release|x64.ActiveCfg = Release|Any CPU
		{6D0FA152-2B63-4434-9C3B-BC1135D25DC4}.Release|x64.Build.0 = Release|Any CPU
		{6D0FA152-2B63-4434-9C3B-BC1135D25DC4}.Release|x86.ActiveCfg = Release|Any CPU
		{6D0FA152-2B63-4434-9C3B-BC1135D25DC4}.Release|x86.Build.0 = Release|Any CPU
		{24FC403D-66E9-485D-BB3A-FFD0099FBE60}.Debug|Any CPU.ActiveCfg = Debug|Any CPU
		{24FC403D-66E9-485D-BB3A-FFD0099FBE60}.Debug|Any CPU.Build.0 = Debug|Any CPU
		{24FC403D-66E9-485D-BB3A-FFD0099FBE60}.Debug|ARM.ActiveCfg = Debug|Any CPU
		{24FC403D-66E9-485D-BB3A-FFD0099FBE60}.Debug|ARM.Build.0 = Debug|Any CPU
		{24FC403D-66E9-485D-BB3A-FFD0099FBE60}.Debug|x64.ActiveCfg = Debug|Any CPU
		{24FC403D-66E9-485D-BB3A-FFD0099FBE60}.Debug|x64.Build.0 = Debug|Any CPU
		{24FC403D-66E9-485D-BB3A-FFD0099FBE60}.Debug|x86.ActiveCfg = Debug|Any CPU
		{24FC403D-66E9-485D-BB3A-FFD0099FBE60}.Debug|x86.Build.0 = Debug|Any CPU
		{24FC403D-66E9-485D-BB3A-FFD0099FBE60}.Release|Any CPU.ActiveCfg = Release|Any CPU
		{24FC403D-66E9-485D-BB3A-FFD0099FBE60}.Release|Any CPU.Build.0 = Release|Any CPU
		{24FC403D-66E9-485D-BB3A-FFD0099FBE60}.Release|ARM.ActiveCfg = Release|Any CPU
		{24FC403D-66E9-485D-BB3A-FFD0099FBE60}.Release|ARM.Build.0 = Release|Any CPU
		{24FC403D-66E9-485D-BB3A-FFD0099FBE60}.Release|x64.ActiveCfg = Release|Any CPU
		{24FC403D-66E9-485D-BB3A-FFD0099FBE60}.Release|x64.Build.0 = Release|Any CPU
		{24FC403D-66E9-485D-BB3A-FFD0099FBE60}.Release|x86.ActiveCfg = Release|Any CPU
		{24FC403D-66E9-485D-BB3A-FFD0099FBE60}.Release|x86.Build.0 = Release|Any CPU
		{8B8FC132-9404-470F-847D-2701DB08C99B}.Debug|Any CPU.ActiveCfg = Debug|Any CPU
		{8B8FC132-9404-470F-847D-2701DB08C99B}.Debug|Any CPU.Build.0 = Debug|Any CPU
		{8B8FC132-9404-470F-847D-2701DB08C99B}.Debug|ARM.ActiveCfg = Debug|Any CPU
		{8B8FC132-9404-470F-847D-2701DB08C99B}.Debug|ARM.Build.0 = Debug|Any CPU
		{8B8FC132-9404-470F-847D-2701DB08C99B}.Debug|x64.ActiveCfg = Debug|Any CPU
		{8B8FC132-9404-470F-847D-2701DB08C99B}.Debug|x64.Build.0 = Debug|Any CPU
		{8B8FC132-9404-470F-847D-2701DB08C99B}.Debug|x86.ActiveCfg = Debug|Any CPU
		{8B8FC132-9404-470F-847D-2701DB08C99B}.Debug|x86.Build.0 = Debug|Any CPU
		{8B8FC132-9404-470F-847D-2701DB08C99B}.Release|Any CPU.ActiveCfg = Release|Any CPU
		{8B8FC132-9404-470F-847D-2701DB08C99B}.Release|Any CPU.Build.0 = Release|Any CPU
		{8B8FC132-9404-470F-847D-2701DB08C99B}.Release|ARM.ActiveCfg = Release|Any CPU
		{8B8FC132-9404-470F-847D-2701DB08C99B}.Release|ARM.Build.0 = Release|Any CPU
		{8B8FC132-9404-470F-847D-2701DB08C99B}.Release|x64.ActiveCfg = Release|Any CPU
		{8B8FC132-9404-470F-847D-2701DB08C99B}.Release|x64.Build.0 = Release|Any CPU
		{8B8FC132-9404-470F-847D-2701DB08C99B}.Release|x86.ActiveCfg = Release|Any CPU
		{8B8FC132-9404-470F-847D-2701DB08C99B}.Release|x86.Build.0 = Release|Any CPU
		{EDA75462-490E-4C0B-BBC4-EC6D59E128B0}.Debug|Any CPU.ActiveCfg = Debug|Any CPU
		{EDA75462-490E-4C0B-BBC4-EC6D59E128B0}.Debug|Any CPU.Build.0 = Debug|Any CPU
		{EDA75462-490E-4C0B-BBC4-EC6D59E128B0}.Debug|ARM.ActiveCfg = Debug|Any CPU
		{EDA75462-490E-4C0B-BBC4-EC6D59E128B0}.Debug|ARM.Build.0 = Debug|Any CPU
		{EDA75462-490E-4C0B-BBC4-EC6D59E128B0}.Debug|x64.ActiveCfg = Debug|Any CPU
		{EDA75462-490E-4C0B-BBC4-EC6D59E128B0}.Debug|x64.Build.0 = Debug|Any CPU
		{EDA75462-490E-4C0B-BBC4-EC6D59E128B0}.Debug|x86.ActiveCfg = Debug|Any CPU
		{EDA75462-490E-4C0B-BBC4-EC6D59E128B0}.Debug|x86.Build.0 = Debug|Any CPU
		{EDA75462-490E-4C0B-BBC4-EC6D59E128B0}.Release|Any CPU.ActiveCfg = Release|Any CPU
		{EDA75462-490E-4C0B-BBC4-EC6D59E128B0}.Release|Any CPU.Build.0 = Release|Any CPU
		{EDA75462-490E-4C0B-BBC4-EC6D59E128B0}.Release|ARM.ActiveCfg = Release|Any CPU
		{EDA75462-490E-4C0B-BBC4-EC6D59E128B0}.Release|ARM.Build.0 = Release|Any CPU
		{EDA75462-490E-4C0B-BBC4-EC6D59E128B0}.Release|x64.ActiveCfg = Release|Any CPU
		{EDA75462-490E-4C0B-BBC4-EC6D59E128B0}.Release|x64.Build.0 = Release|Any CPU
		{EDA75462-490E-4C0B-BBC4-EC6D59E128B0}.Release|x86.ActiveCfg = Release|Any CPU
		{EDA75462-490E-4C0B-BBC4-EC6D59E128B0}.Release|x86.Build.0 = Release|Any CPU
		{44555887-C439-470C-944D-8866EC3D7067}.Debug|Any CPU.ActiveCfg = Debug|Any CPU
		{44555887-C439-470C-944D-8866EC3D7067}.Debug|Any CPU.Build.0 = Debug|Any CPU
		{44555887-C439-470C-944D-8866EC3D7067}.Debug|ARM.ActiveCfg = Debug|Any CPU
		{44555887-C439-470C-944D-8866EC3D7067}.Debug|ARM.Build.0 = Debug|Any CPU
		{44555887-C439-470C-944D-8866EC3D7067}.Debug|x64.ActiveCfg = Debug|Any CPU
		{44555887-C439-470C-944D-8866EC3D7067}.Debug|x64.Build.0 = Debug|Any CPU
		{44555887-C439-470C-944D-8866EC3D7067}.Debug|x86.ActiveCfg = Debug|Any CPU
		{44555887-C439-470C-944D-8866EC3D7067}.Debug|x86.Build.0 = Debug|Any CPU
		{44555887-C439-470C-944D-8866EC3D7067}.Release|Any CPU.ActiveCfg = Release|Any CPU
		{44555887-C439-470C-944D-8866EC3D7067}.Release|Any CPU.Build.0 = Release|Any CPU
		{44555887-C439-470C-944D-8866EC3D7067}.Release|ARM.ActiveCfg = Release|Any CPU
		{44555887-C439-470C-944D-8866EC3D7067}.Release|ARM.Build.0 = Release|Any CPU
		{44555887-C439-470C-944D-8866EC3D7067}.Release|x64.ActiveCfg = Release|Any CPU
		{44555887-C439-470C-944D-8866EC3D7067}.Release|x64.Build.0 = Release|Any CPU
		{44555887-C439-470C-944D-8866EC3D7067}.Release|x86.ActiveCfg = Release|Any CPU
		{44555887-C439-470C-944D-8866EC3D7067}.Release|x86.Build.0 = Release|Any CPU
	EndGlobalSection
	GlobalSection(SolutionProperties) = preSolution
		HideSolutionNode = FALSE
	EndGlobalSection
	GlobalSection(ExtensibilityGlobals) = postSolution
		SolutionGuid = {324C1662-3E95-4FC6-AB76-6BA839421141}
	EndGlobalSection
EndGlobal
